// !$*UTF8*$!
{
	archiveVersion = 1;
	classes = {
	};
	objectVersion = 56;
	objects = {

/* Begin PBXBuildFile section */
		0019746829C359DA00BE459E /* AppDelegate.swift in Sources */ = {isa = PBXBuildFile; fileRef = 0019746729C359DA00BE459E /* AppDelegate.swift */; };
		0019746A29C359DA00BE459E /* SceneDelegate.swift in Sources */ = {isa = PBXBuildFile; fileRef = 0019746929C359DA00BE459E /* SceneDelegate.swift */; };
		0019746C29C359DA00BE459E /* NewsListViewController.swift in Sources */ = {isa = PBXBuildFile; fileRef = 0019746B29C359DA00BE459E /* NewsListViewController.swift */; };
		0019747229C359DA00BE459E /* TetaLabTest.xcdatamodeld in Sources */ = {isa = PBXBuildFile; fileRef = 0019747029C359DA00BE459E /* TetaLabTest.xcdatamodeld */; };
		0019747429C359DD00BE459E /* Assets.xcassets in Resources */ = {isa = PBXBuildFile; fileRef = 0019747329C359DD00BE459E /* Assets.xcassets */; };
		0019747729C359DD00BE459E /* LaunchScreen.storyboard in Resources */ = {isa = PBXBuildFile; fileRef = 0019747529C359DD00BE459E /* LaunchScreen.storyboard */; };
		0058434129C86AF50066212B /* NewsWebView.swift in Sources */ = {isa = PBXBuildFile; fileRef = 0058434029C86AF50066212B /* NewsWebView.swift */; };
		0058434329C86D670066212B /* NewsWebViewPresenter.swift in Sources */ = {isa = PBXBuildFile; fileRef = 0058434229C86D670066212B /* NewsWebViewPresenter.swift */; };
		0099D22C29C7227200BCAC24 /* SavedNewsVeiewController.swift in Sources */ = {isa = PBXBuildFile; fileRef = 0099D22B29C7227200BCAC24 /* SavedNewsVeiewController.swift */; };
		0099D22E29C7253F00BCAC24 /* SavedNewsPresenter.swift in Sources */ = {isa = PBXBuildFile; fileRef = 0099D22D29C7253F00BCAC24 /* SavedNewsPresenter.swift */; };
		0099D23229C725ED00BCAC24 /* StartTabBarViewController.swift in Sources */ = {isa = PBXBuildFile; fileRef = 0099D23129C725ED00BCAC24 /* StartTabBarViewController.swift */; };
		0099D23429C7B41600BCAC24 /* StringResources.swift in Sources */ = {isa = PBXBuildFile; fileRef = 0099D23329C7B41600BCAC24 /* StringResources.swift */; };
		0099D23629C7B4BD00BCAC24 /* String.swift in Sources */ = {isa = PBXBuildFile; fileRef = 0099D23529C7B4BD00BCAC24 /* String.swift */; };
		00A90C9429C5500F00878FED /* UIWindow+RootController.swift in Sources */ = {isa = PBXBuildFile; fileRef = 00A90C9329C5500F00878FED /* UIWindow+RootController.swift */; };
		00AAA74529C55B5900A376D2 /* SnapKit in Frameworks */ = {isa = PBXBuildFile; productRef = 00AAA74429C55B5900A376D2 /* SnapKit */; };
		00AAA75E29C57D2400A376D2 /* NewsTableViewCell.swift in Sources */ = {isa = PBXBuildFile; fileRef = 00AAA75D29C57D2400A376D2 /* NewsTableViewCell.swift */; };
		00AAA76129C57DB400A376D2 /* UIView.swift in Sources */ = {isa = PBXBuildFile; fileRef = 00AAA76029C57DB400A376D2 /* UIView.swift */; };
		00AAA76329C57E3A00A376D2 /* ShadowType.swift in Sources */ = {isa = PBXBuildFile; fileRef = 00AAA76229C57E3A00A376D2 /* ShadowType.swift */; };
		00AAA76629C57FE400A376D2 /* UITableView+ReusableCell.swift in Sources */ = {isa = PBXBuildFile; fileRef = 00AAA76529C57FE400A376D2 /* UITableView+ReusableCell.swift */; };
		00AAA76829C5801300A376D2 /* UITableViewCell+ReuseID.swift in Sources */ = {isa = PBXBuildFile; fileRef = 00AAA76729C5801300A376D2 /* UITableViewCell+ReuseID.swift */; };
		00AAA76A29C5842B00A376D2 /* UIImageView.swift in Sources */ = {isa = PBXBuildFile; fileRef = 00AAA76929C5842B00A376D2 /* UIImageView.swift */; };
		00AAA76C29C5846900A376D2 /* UIImageResources.swift in Sources */ = {isa = PBXBuildFile; fileRef = 00AAA76B29C5846900A376D2 /* UIImageResources.swift */; };
		00AAA76E29C64BCC00A376D2 /* NewsListPresenter.swift in Sources */ = {isa = PBXBuildFile; fileRef = 00AAA76D29C64BCC00A376D2 /* NewsListPresenter.swift */; };
		00AAA77029C64D8C00A376D2 /* GeneralNewsModel.swift in Sources */ = {isa = PBXBuildFile; fileRef = 00AAA76F29C64D8C00A376D2 /* GeneralNewsModel.swift */; };
		00AAA77229C6630200A376D2 /* IndexPath+Range.swift in Sources */ = {isa = PBXBuildFile; fileRef = 00AAA77129C6630200A376D2 /* IndexPath+Range.swift */; };
		00AAA77429C663AE00A376D2 /* NewsNetworkService.swift in Sources */ = {isa = PBXBuildFile; fileRef = 00AAA77329C663AE00A376D2 /* NewsNetworkService.swift */; };
		00AAA77829C6648400A376D2 /* NetworkService.swift in Sources */ = {isa = PBXBuildFile; fileRef = 00AAA77729C6648400A376D2 /* NetworkService.swift */; };
		00AAA77A29C664C600A376D2 /* HTTPResponce.swift in Sources */ = {isa = PBXBuildFile; fileRef = 00AAA77929C664C600A376D2 /* HTTPResponce.swift */; };
		00AAA77C29C664F600A376D2 /* NetworkErrors.swift in Sources */ = {isa = PBXBuildFile; fileRef = 00AAA77B29C664F600A376D2 /* NetworkErrors.swift */; };
		00AAA77E29C665D200A376D2 /* RequestCreator.swift in Sources */ = {isa = PBXBuildFile; fileRef = 00AAA77D29C665D200A376D2 /* RequestCreator.swift */; };
		00AAA78229C666CC00A376D2 /* RequstBuilderProtocol.swift in Sources */ = {isa = PBXBuildFile; fileRef = 00AAA78129C666CC00A376D2 /* RequstBuilderProtocol.swift */; };
		00AAA78429C666E200A376D2 /* URLBuilderProtocol.swift in Sources */ = {isa = PBXBuildFile; fileRef = 00AAA78329C666E200A376D2 /* URLBuilderProtocol.swift */; };
		00AAA78629C6671200A376D2 /* ServerBuilder.swift in Sources */ = {isa = PBXBuildFile; fileRef = 00AAA78529C6671200A376D2 /* ServerBuilder.swift */; };
		00AAA78929C6675C00A376D2 /* HTTPMethod.swift in Sources */ = {isa = PBXBuildFile; fileRef = 00AAA78829C6675C00A376D2 /* HTTPMethod.swift */; };
		00AAA78B29C6678A00A376D2 /* ServerScheme.swift in Sources */ = {isa = PBXBuildFile; fileRef = 00AAA78A29C6678A00A376D2 /* ServerScheme.swift */; };
		00AAA78D29C667BB00A376D2 /* ServerHost.swift in Sources */ = {isa = PBXBuildFile; fileRef = 00AAA78C29C667BB00A376D2 /* ServerHost.swift */; };
		00AAA78F29C6686100A376D2 /* HeaderType.swift in Sources */ = {isa = PBXBuildFile; fileRef = 00AAA78E29C6686100A376D2 /* HeaderType.swift */; };
		00AAA79429C66D8700A376D2 /* NewsURLs.swift in Sources */ = {isa = PBXBuildFile; fileRef = 00AAA79329C66D8700A376D2 /* NewsURLs.swift */; };
		00AAA79629C66EE700A376D2 /* NewsQuery.swift in Sources */ = {isa = PBXBuildFile; fileRef = 00AAA79529C66EE700A376D2 /* NewsQuery.swift */; };
		00AAA79829C6842300A376D2 /* Encodable+Queries.swift in Sources */ = {isa = PBXBuildFile; fileRef = 00AAA79729C6842300A376D2 /* Encodable+Queries.swift */; };
		00AAA79A29C684B700A376D2 /* URLComponents.swift in Sources */ = {isa = PBXBuildFile; fileRef = 00AAA79929C684B700A376D2 /* URLComponents.swift */; };
/* End PBXBuildFile section */

/* Begin PBXFileReference section */
		0019746429C359DA00BE459E /* TetaLabTest.app */ = {isa = PBXFileReference; explicitFileType = wrapper.application; includeInIndex = 0; path = TetaLabTest.app; sourceTree = BUILT_PRODUCTS_DIR; };
		0019746729C359DA00BE459E /* AppDelegate.swift */ = {isa = PBXFileReference; lastKnownFileType = sourcecode.swift; path = AppDelegate.swift; sourceTree = "<group>"; };
		0019746929C359DA00BE459E /* SceneDelegate.swift */ = {isa = PBXFileReference; lastKnownFileType = sourcecode.swift; path = SceneDelegate.swift; sourceTree = "<group>"; };
		0019746B29C359DA00BE459E /* NewsListViewController.swift */ = {isa = PBXFileReference; lastKnownFileType = sourcecode.swift; path = NewsListViewController.swift; sourceTree = "<group>"; };
		0019747129C359DA00BE459E /* TetaLabTest.xcdatamodel */ = {isa = PBXFileReference; lastKnownFileType = wrapper.xcdatamodel; path = TetaLabTest.xcdatamodel; sourceTree = "<group>"; };
		0019747329C359DD00BE459E /* Assets.xcassets */ = {isa = PBXFileReference; lastKnownFileType = folder.assetcatalog; path = Assets.xcassets; sourceTree = "<group>"; };
		0019747629C359DD00BE459E /* Base */ = {isa = PBXFileReference; lastKnownFileType = file.storyboard; name = Base; path = Base.lproj/LaunchScreen.storyboard; sourceTree = "<group>"; };
		0019747829C359DD00BE459E /* Info.plist */ = {isa = PBXFileReference; lastKnownFileType = text.plist.xml; path = Info.plist; sourceTree = "<group>"; };
		0058434029C86AF50066212B /* NewsWebView.swift */ = {isa = PBXFileReference; lastKnownFileType = sourcecode.swift; path = NewsWebView.swift; sourceTree = "<group>"; };
		0058434229C86D670066212B /* NewsWebViewPresenter.swift */ = {isa = PBXFileReference; lastKnownFileType = sourcecode.swift; path = NewsWebViewPresenter.swift; sourceTree = "<group>"; };
		0099D22B29C7227200BCAC24 /* SavedNewsVeiewController.swift */ = {isa = PBXFileReference; lastKnownFileType = sourcecode.swift; path = SavedNewsVeiewController.swift; sourceTree = "<group>"; };
		0099D22D29C7253F00BCAC24 /* SavedNewsPresenter.swift */ = {isa = PBXFileReference; lastKnownFileType = sourcecode.swift; path = SavedNewsPresenter.swift; sourceTree = "<group>"; };
		0099D23129C725ED00BCAC24 /* StartTabBarViewController.swift */ = {isa = PBXFileReference; lastKnownFileType = sourcecode.swift; path = StartTabBarViewController.swift; sourceTree = "<group>"; };
		0099D23329C7B41600BCAC24 /* StringResources.swift */ = {isa = PBXFileReference; lastKnownFileType = sourcecode.swift; path = StringResources.swift; sourceTree = "<group>"; };
		0099D23529C7B4BD00BCAC24 /* String.swift */ = {isa = PBXFileReference; lastKnownFileType = sourcecode.swift; path = String.swift; sourceTree = "<group>"; };
		00A90C9329C5500F00878FED /* UIWindow+RootController.swift */ = {isa = PBXFileReference; lastKnownFileType = sourcecode.swift; path = "UIWindow+RootController.swift"; sourceTree = "<group>"; };
		00AAA75D29C57D2400A376D2 /* NewsTableViewCell.swift */ = {isa = PBXFileReference; lastKnownFileType = sourcecode.swift; path = NewsTableViewCell.swift; sourceTree = "<group>"; };
		00AAA76029C57DB400A376D2 /* UIView.swift */ = {isa = PBXFileReference; lastKnownFileType = sourcecode.swift; path = UIView.swift; sourceTree = "<group>"; };
		00AAA76229C57E3A00A376D2 /* ShadowType.swift */ = {isa = PBXFileReference; lastKnownFileType = sourcecode.swift; path = ShadowType.swift; sourceTree = "<group>"; };
		00AAA76529C57FE400A376D2 /* UITableView+ReusableCell.swift */ = {isa = PBXFileReference; lastKnownFileType = sourcecode.swift; path = "UITableView+ReusableCell.swift"; sourceTree = "<group>"; };
		00AAA76729C5801300A376D2 /* UITableViewCell+ReuseID.swift */ = {isa = PBXFileReference; lastKnownFileType = sourcecode.swift; path = "UITableViewCell+ReuseID.swift"; sourceTree = "<group>"; };
		00AAA76929C5842B00A376D2 /* UIImageView.swift */ = {isa = PBXFileReference; lastKnownFileType = sourcecode.swift; path = UIImageView.swift; sourceTree = "<group>"; };
		00AAA76B29C5846900A376D2 /* UIImageResources.swift */ = {isa = PBXFileReference; lastKnownFileType = sourcecode.swift; path = UIImageResources.swift; sourceTree = "<group>"; };
		00AAA76D29C64BCC00A376D2 /* NewsListPresenter.swift */ = {isa = PBXFileReference; lastKnownFileType = sourcecode.swift; path = NewsListPresenter.swift; sourceTree = "<group>"; };
		00AAA76F29C64D8C00A376D2 /* GeneralNewsModel.swift */ = {isa = PBXFileReference; lastKnownFileType = sourcecode.swift; path = GeneralNewsModel.swift; sourceTree = "<group>"; };
		00AAA77129C6630200A376D2 /* IndexPath+Range.swift */ = {isa = PBXFileReference; lastKnownFileType = sourcecode.swift; path = "IndexPath+Range.swift"; sourceTree = "<group>"; };
		00AAA77329C663AE00A376D2 /* NewsNetworkService.swift */ = {isa = PBXFileReference; lastKnownFileType = sourcecode.swift; path = NewsNetworkService.swift; sourceTree = "<group>"; };
		00AAA77729C6648400A376D2 /* NetworkService.swift */ = {isa = PBXFileReference; lastKnownFileType = sourcecode.swift; path = NetworkService.swift; sourceTree = "<group>"; };
		00AAA77929C664C600A376D2 /* HTTPResponce.swift */ = {isa = PBXFileReference; lastKnownFileType = sourcecode.swift; path = HTTPResponce.swift; sourceTree = "<group>"; };
		00AAA77B29C664F600A376D2 /* NetworkErrors.swift */ = {isa = PBXFileReference; lastKnownFileType = sourcecode.swift; path = NetworkErrors.swift; sourceTree = "<group>"; };
		00AAA77D29C665D200A376D2 /* RequestCreator.swift */ = {isa = PBXFileReference; lastKnownFileType = sourcecode.swift; path = RequestCreator.swift; sourceTree = "<group>"; };
		00AAA78129C666CC00A376D2 /* RequstBuilderProtocol.swift */ = {isa = PBXFileReference; lastKnownFileType = sourcecode.swift; path = RequstBuilderProtocol.swift; sourceTree = "<group>"; };
		00AAA78329C666E200A376D2 /* URLBuilderProtocol.swift */ = {isa = PBXFileReference; lastKnownFileType = sourcecode.swift; path = URLBuilderProtocol.swift; sourceTree = "<group>"; };
		00AAA78529C6671200A376D2 /* ServerBuilder.swift */ = {isa = PBXFileReference; lastKnownFileType = sourcecode.swift; path = ServerBuilder.swift; sourceTree = "<group>"; };
		00AAA78829C6675C00A376D2 /* HTTPMethod.swift */ = {isa = PBXFileReference; lastKnownFileType = sourcecode.swift; path = HTTPMethod.swift; sourceTree = "<group>"; };
		00AAA78A29C6678A00A376D2 /* ServerScheme.swift */ = {isa = PBXFileReference; lastKnownFileType = sourcecode.swift; path = ServerScheme.swift; sourceTree = "<group>"; };
		00AAA78C29C667BB00A376D2 /* ServerHost.swift */ = {isa = PBXFileReference; lastKnownFileType = sourcecode.swift; path = ServerHost.swift; sourceTree = "<group>"; };
		00AAA78E29C6686100A376D2 /* HeaderType.swift */ = {isa = PBXFileReference; lastKnownFileType = sourcecode.swift; path = HeaderType.swift; sourceTree = "<group>"; };
		00AAA79329C66D8700A376D2 /* NewsURLs.swift */ = {isa = PBXFileReference; lastKnownFileType = sourcecode.swift; path = NewsURLs.swift; sourceTree = "<group>"; };
		00AAA79529C66EE700A376D2 /* NewsQuery.swift */ = {isa = PBXFileReference; lastKnownFileType = sourcecode.swift; path = NewsQuery.swift; sourceTree = "<group>"; };
		00AAA79729C6842300A376D2 /* Encodable+Queries.swift */ = {isa = PBXFileReference; lastKnownFileType = sourcecode.swift; path = "Encodable+Queries.swift"; sourceTree = "<group>"; };
		00AAA79929C684B700A376D2 /* URLComponents.swift */ = {isa = PBXFileReference; lastKnownFileType = sourcecode.swift; path = URLComponents.swift; sourceTree = "<group>"; };
/* End PBXFileReference section */

/* Begin PBXFrameworksBuildPhase section */
		0019746129C359DA00BE459E /* Frameworks */ = {
			isa = PBXFrameworksBuildPhase;
			buildActionMask = 2147483647;
			files = (
				00AAA74529C55B5900A376D2 /* SnapKit in Frameworks */,
			);
			runOnlyForDeploymentPostprocessing = 0;
		};
/* End PBXFrameworksBuildPhase section */

/* Begin PBXGroup section */
		0019745B29C359DA00BE459E = {
			isa = PBXGroup;
			children = (
				0019746629C359DA00BE459E /* TetaLabTest */,
				0019746529C359DA00BE459E /* Products */,
			);
			sourceTree = "<group>";
		};
		0019746529C359DA00BE459E /* Products */ = {
			isa = PBXGroup;
			children = (
				0019746429C359DA00BE459E /* TetaLabTest.app */,
			);
			name = Products;
			sourceTree = "<group>";
		};
		0019746629C359DA00BE459E /* TetaLabTest */ = {
			isa = PBXGroup;
			children = (
				00AAA75929C57C9700A376D2 /* System Files */,
				00AAA75A29C57CAE00A376D2 /* Flow */,
				00AAA75F29C57D9800A376D2 /* Extensions */,
				0019747329C359DD00BE459E /* Assets.xcassets */,
				0019747529C359DD00BE459E /* LaunchScreen.storyboard */,
				0019747829C359DD00BE459E /* Info.plist */,
				0019747029C359DA00BE459E /* TetaLabTest.xcdatamodeld */,
			);
			path = TetaLabTest;
			sourceTree = "<group>";
		};
		0099D22F29C7254C00BCAC24 /* NewsList */ = {
			isa = PBXGroup;
			children = (
				0019746B29C359DA00BE459E /* NewsListViewController.swift */,
				00AAA76D29C64BCC00A376D2 /* NewsListPresenter.swift */,
			);
			path = NewsList;
			sourceTree = "<group>";
		};
		0099D23029C7255900BCAC24 /* SavedNews */ = {
			isa = PBXGroup;
			children = (
				0099D22B29C7227200BCAC24 /* SavedNewsVeiewController.swift */,
				0099D22D29C7253F00BCAC24 /* SavedNewsPresenter.swift */,
			);
			path = SavedNews;
			sourceTree = "<group>";
		};
		00AAA75929C57C9700A376D2 /* System Files */ = {
			isa = PBXGroup;
			children = (
				0019746729C359DA00BE459E /* AppDelegate.swift */,
				0019746929C359DA00BE459E /* SceneDelegate.swift */,
			);
			path = "System Files";
			sourceTree = "<group>";
		};
		00AAA75A29C57CAE00A376D2 /* Flow */ = {
			isa = PBXGroup;
			children = (
				0099D23129C725ED00BCAC24 /* StartTabBarViewController.swift */,
				00AAA75B29C57CC000A376D2 /* Home */,
			);
			path = Flow;
			sourceTree = "<group>";
		};
		00AAA75B29C57CC000A376D2 /* Home */ = {
			isa = PBXGroup;
			children = (
				0099D22F29C7254C00BCAC24 /* NewsList */,
				0099D23029C7255900BCAC24 /* SavedNews */,
				0058434029C86AF50066212B /* NewsWebView.swift */,
				0058434229C86D670066212B /* NewsWebViewPresenter.swift */,
				00AAA75C29C57CCC00A376D2 /* UI Components */,
			);
			path = Home;
			sourceTree = "<group>";
		};
		00AAA75C29C57CCC00A376D2 /* UI Components */ = {
			isa = PBXGroup;
			children = (
				00AAA75D29C57D2400A376D2 /* NewsTableViewCell.swift */,
			);
			path = "UI Components";
			sourceTree = "<group>";
		};
		00AAA75F29C57D9800A376D2 /* Extensions */ = {
			isa = PBXGroup;
			children = (
				00A90C9329C5500F00878FED /* UIWindow+RootController.swift */,
				00AAA79729C6842300A376D2 /* Encodable+Queries.swift */,
				0099D23529C7B4BD00BCAC24 /* String.swift */,
				00AAA79929C684B700A376D2 /* URLComponents.swift */,
				00AAA77129C6630200A376D2 /* IndexPath+Range.swift */,
				00AAA76929C5842B00A376D2 /* UIImageView.swift */,
				00AAA76529C57FE400A376D2 /* UITableView+ReusableCell.swift */,
				00AAA76729C5801300A376D2 /* UITableViewCell+ReuseID.swift */,
				00AAA76029C57DB400A376D2 /* UIView.swift */,
				00AAA77629C663CF00A376D2 /* Network */,
				00AAA76429C57EEF00A376D2 /* Helpers */,
			);
			path = Extensions;
			sourceTree = "<group>";
		};
		00AAA76429C57EEF00A376D2 /* Helpers */ = {
			isa = PBXGroup;
			children = (
				0099D23329C7B41600BCAC24 /* StringResources.swift */,
				00AAA76229C57E3A00A376D2 /* ShadowType.swift */,
				00AAA76B29C5846900A376D2 /* UIImageResources.swift */,
			);
			path = Helpers;
			sourceTree = "<group>";
		};
		00AAA77529C663B300A376D2 /* Services */ = {
			isa = PBXGroup;
			children = (
				00AAA77329C663AE00A376D2 /* NewsNetworkService.swift */,
				00AAA79329C66D8700A376D2 /* NewsURLs.swift */,
				00AAA79529C66EE700A376D2 /* NewsQuery.swift */,
				00AAA79129C668E700A376D2 /* Request */,
				00AAA78729C6674700A376D2 /* Helpers */,
				00AAA79229C6697E00A376D2 /* Models */,
				00AAA77729C6648400A376D2 /* NetworkService.swift */,
				00AAA77929C664C600A376D2 /* HTTPResponce.swift */,
			);
			path = Services;
			sourceTree = "<group>";
		};
		00AAA77629C663CF00A376D2 /* Network */ = {
			isa = PBXGroup;
			children = (
				00AAA77529C663B300A376D2 /* Services */,
			);
			path = Network;
			sourceTree = "<group>";
		};
		00AAA78729C6674700A376D2 /* Helpers */ = {
			isa = PBXGroup;
			children = (
				00AAA77B29C664F600A376D2 /* NetworkErrors.swift */,
				00AAA78829C6675C00A376D2 /* HTTPMethod.swift */,
				00AAA78E29C6686100A376D2 /* HeaderType.swift */,
				00AAA78A29C6678A00A376D2 /* ServerScheme.swift */,
				00AAA78C29C667BB00A376D2 /* ServerHost.swift */,
			);
			path = Helpers;
			sourceTree = "<group>";
		};
		00AAA79029C6689E00A376D2 /* Builder */ = {
			isa = PBXGroup;
			children = (
				00AAA78129C666CC00A376D2 /* RequstBuilderProtocol.swift */,
				00AAA78329C666E200A376D2 /* URLBuilderProtocol.swift */,
				00AAA78529C6671200A376D2 /* ServerBuilder.swift */,
			);
			path = Builder;
			sourceTree = "<group>";
		};
		00AAA79129C668E700A376D2 /* Request */ = {
			isa = PBXGroup;
			children = (
				00AAA79029C6689E00A376D2 /* Builder */,
				00AAA77D29C665D200A376D2 /* RequestCreator.swift */,
			);
			path = Request;
			sourceTree = "<group>";
		};
		00AAA79229C6697E00A376D2 /* Models */ = {
			isa = PBXGroup;
			children = (
				00AAA76F29C64D8C00A376D2 /* GeneralNewsModel.swift */,
			);
			path = Models;
			sourceTree = "<group>";
		};
/* End PBXGroup section */

/* Begin PBXNativeTarget section */
		0019746329C359DA00BE459E /* TetaLabTest */ = {
			isa = PBXNativeTarget;
			buildConfigurationList = 0019747B29C359DD00BE459E /* Build configuration list for PBXNativeTarget "TetaLabTest" */;
			buildPhases = (
				0019746029C359DA00BE459E /* Sources */,
				0019746129C359DA00BE459E /* Frameworks */,
				0019746229C359DA00BE459E /* Resources */,
			);
			buildRules = (
			);
			dependencies = (
			);
			name = TetaLabTest;
			packageProductDependencies = (
				00AAA74429C55B5900A376D2 /* SnapKit */,
			);
			productName = TetaLabTest;
			productReference = 0019746429C359DA00BE459E /* TetaLabTest.app */;
			productType = "com.apple.product-type.application";
		};
/* End PBXNativeTarget section */

/* Begin PBXProject section */
		0019745C29C359DA00BE459E /* Project object */ = {
			isa = PBXProject;
			attributes = {
				BuildIndependentTargetsInParallel = 1;
				LastSwiftUpdateCheck = 1420;
				LastUpgradeCheck = 1420;
				TargetAttributes = {
					0019746329C359DA00BE459E = {
						CreatedOnToolsVersion = 14.2;
					};
				};
			};
			buildConfigurationList = 0019745F29C359DA00BE459E /* Build configuration list for PBXProject "TetaLabTest" */;
			compatibilityVersion = "Xcode 14.0";
			developmentRegion = en;
			hasScannedForEncodings = 0;
			knownRegions = (
				en,
				Base,
			);
			mainGroup = 0019745B29C359DA00BE459E;
			packageReferences = (
				00AAA74329C55B5900A376D2 /* XCRemoteSwiftPackageReference "SnapKit" */,
			);
			productRefGroup = 0019746529C359DA00BE459E /* Products */;
			projectDirPath = "";
			projectRoot = "";
			targets = (
				0019746329C359DA00BE459E /* TetaLabTest */,
			);
		};
/* End PBXProject section */

/* Begin PBXResourcesBuildPhase section */
		0019746229C359DA00BE459E /* Resources */ = {
			isa = PBXResourcesBuildPhase;
			buildActionMask = 2147483647;
			files = (
				0019747729C359DD00BE459E /* LaunchScreen.storyboard in Resources */,
				0019747429C359DD00BE459E /* Assets.xcassets in Resources */,
			);
			runOnlyForDeploymentPostprocessing = 0;
		};
/* End PBXResourcesBuildPhase section */

/* Begin PBXSourcesBuildPhase section */
		0019746029C359DA00BE459E /* Sources */ = {
			isa = PBXSourcesBuildPhase;
			buildActionMask = 2147483647;
			files = (
				00AAA77029C64D8C00A376D2 /* GeneralNewsModel.swift in Sources */,
				0019746C29C359DA00BE459E /* NewsListViewController.swift in Sources */,
				00AAA76829C5801300A376D2 /* UITableViewCell+ReuseID.swift in Sources */,
				00AAA75E29C57D2400A376D2 /* NewsTableViewCell.swift in Sources */,
				0019747229C359DA00BE459E /* TetaLabTest.xcdatamodeld in Sources */,
				00AAA78B29C6678A00A376D2 /* ServerScheme.swift in Sources */,
				00AAA78F29C6686100A376D2 /* HeaderType.swift in Sources */,
				0099D23229C725ED00BCAC24 /* StartTabBarViewController.swift in Sources */,
				00AAA77829C6648400A376D2 /* NetworkService.swift in Sources */,
				0099D22E29C7253F00BCAC24 /* SavedNewsPresenter.swift in Sources */,
				00AAA79429C66D8700A376D2 /* NewsURLs.swift in Sources */,
				00AAA77A29C664C600A376D2 /* HTTPResponce.swift in Sources */,
				00AAA77229C6630200A376D2 /* IndexPath+Range.swift in Sources */,
				00AAA78929C6675C00A376D2 /* HTTPMethod.swift in Sources */,
				00AAA79629C66EE700A376D2 /* NewsQuery.swift in Sources */,
				00AAA76329C57E3A00A376D2 /* ShadowType.swift in Sources */,
				00AAA76129C57DB400A376D2 /* UIView.swift in Sources */,
				00AAA76A29C5842B00A376D2 /* UIImageView.swift in Sources */,
				00AAA79829C6842300A376D2 /* Encodable+Queries.swift in Sources */,
				00AAA77C29C664F600A376D2 /* NetworkErrors.swift in Sources */,
				00AAA78629C6671200A376D2 /* ServerBuilder.swift in Sources */,
				0058434329C86D670066212B /* NewsWebViewPresenter.swift in Sources */,
				0019746829C359DA00BE459E /* AppDelegate.swift in Sources */,
				00AAA78429C666E200A376D2 /* URLBuilderProtocol.swift in Sources */,
				00AAA76E29C64BCC00A376D2 /* NewsListPresenter.swift in Sources */,
				00AAA79A29C684B700A376D2 /* URLComponents.swift in Sources */,
				00AAA77429C663AE00A376D2 /* NewsNetworkService.swift in Sources */,
				00AAA78229C666CC00A376D2 /* RequstBuilderProtocol.swift in Sources */,
				0099D22C29C7227200BCAC24 /* SavedNewsVeiewController.swift in Sources */,
				00A90C9429C5500F00878FED /* UIWindow+RootController.swift in Sources */,
				00AAA77E29C665D200A376D2 /* RequestCreator.swift in Sources */,
				0058434129C86AF50066212B /* NewsWebView.swift in Sources */,
				0099D23629C7B4BD00BCAC24 /* String.swift in Sources */,
				0099D23429C7B41600BCAC24 /* StringResources.swift in Sources */,
				00AAA76C29C5846900A376D2 /* UIImageResources.swift in Sources */,
				00AAA76629C57FE400A376D2 /* UITableView+ReusableCell.swift in Sources */,
				0019746A29C359DA00BE459E /* SceneDelegate.swift in Sources */,
				00AAA78D29C667BB00A376D2 /* ServerHost.swift in Sources */,
			);
			runOnlyForDeploymentPostprocessing = 0;
		};
/* End PBXSourcesBuildPhase section */

/* Begin PBXVariantGroup section */
		0019747529C359DD00BE459E /* LaunchScreen.storyboard */ = {
			isa = PBXVariantGroup;
			children = (
				0019747629C359DD00BE459E /* Base */,
			);
			name = LaunchScreen.storyboard;
			sourceTree = "<group>";
		};
/* End PBXVariantGroup section */

/* Begin XCBuildConfiguration section */
		0019747929C359DD00BE459E /* Debug */ = {
			isa = XCBuildConfiguration;
			buildSettings = {
				ALWAYS_SEARCH_USER_PATHS = NO;
				CLANG_ANALYZER_NONNULL = YES;
				CLANG_ANALYZER_NUMBER_OBJECT_CONVERSION = YES_AGGRESSIVE;
				CLANG_CXX_LANGUAGE_STANDARD = "gnu++20";
				CLANG_ENABLE_MODULES = YES;
				CLANG_ENABLE_OBJC_ARC = YES;
				CLANG_ENABLE_OBJC_WEAK = YES;
				CLANG_WARN_BLOCK_CAPTURE_AUTORELEASING = YES;
				CLANG_WARN_BOOL_CONVERSION = YES;
				CLANG_WARN_COMMA = YES;
				CLANG_WARN_CONSTANT_CONVERSION = YES;
				CLANG_WARN_DEPRECATED_OBJC_IMPLEMENTATIONS = YES;
				CLANG_WARN_DIRECT_OBJC_ISA_USAGE = YES_ERROR;
				CLANG_WARN_DOCUMENTATION_COMMENTS = YES;
				CLANG_WARN_EMPTY_BODY = YES;
				CLANG_WARN_ENUM_CONVERSION = YES;
				CLANG_WARN_INFINITE_RECURSION = YES;
				CLANG_WARN_INT_CONVERSION = YES;
				CLANG_WARN_NON_LITERAL_NULL_CONVERSION = YES;
				CLANG_WARN_OBJC_IMPLICIT_RETAIN_SELF = YES;
				CLANG_WARN_OBJC_LITERAL_CONVERSION = YES;
				CLANG_WARN_OBJC_ROOT_CLASS = YES_ERROR;
				CLANG_WARN_QUOTED_INCLUDE_IN_FRAMEWORK_HEADER = YES;
				CLANG_WARN_RANGE_LOOP_ANALYSIS = YES;
				CLANG_WARN_STRICT_PROTOTYPES = YES;
				CLANG_WARN_SUSPICIOUS_MOVE = YES;
				CLANG_WARN_UNGUARDED_AVAILABILITY = YES_AGGRESSIVE;
				CLANG_WARN_UNREACHABLE_CODE = YES;
				CLANG_WARN__DUPLICATE_METHOD_MATCH = YES;
				COPY_PHASE_STRIP = NO;
				DEBUG_INFORMATION_FORMAT = dwarf;
				ENABLE_STRICT_OBJC_MSGSEND = YES;
				ENABLE_TESTABILITY = YES;
				GCC_C_LANGUAGE_STANDARD = gnu11;
				GCC_DYNAMIC_NO_PIC = NO;
				GCC_NO_COMMON_BLOCKS = YES;
				GCC_OPTIMIZATION_LEVEL = 0;
				GCC_PREPROCESSOR_DEFINITIONS = (
					"DEBUG=1",
					"$(inherited)",
				);
				GCC_WARN_64_TO_32_BIT_CONVERSION = YES;
				GCC_WARN_ABOUT_RETURN_TYPE = YES_ERROR;
				GCC_WARN_UNDECLARED_SELECTOR = YES;
				GCC_WARN_UNINITIALIZED_AUTOS = YES_AGGRESSIVE;
				GCC_WARN_UNUSED_FUNCTION = YES;
				GCC_WARN_UNUSED_VARIABLE = YES;
				IPHONEOS_DEPLOYMENT_TARGET = 16.2;
				MTL_ENABLE_DEBUG_INFO = INCLUDE_SOURCE;
				MTL_FAST_MATH = YES;
				ONLY_ACTIVE_ARCH = YES;
				SDKROOT = iphoneos;
				SWIFT_ACTIVE_COMPILATION_CONDITIONS = DEBUG;
				SWIFT_OPTIMIZATION_LEVEL = "-Onone";
			};
			name = Debug;
		};
		0019747A29C359DD00BE459E /* Release */ = {
			isa = XCBuildConfiguration;
			buildSettings = {
				ALWAYS_SEARCH_USER_PATHS = NO;
				CLANG_ANALYZER_NONNULL = YES;
				CLANG_ANALYZER_NUMBER_OBJECT_CONVERSION = YES_AGGRESSIVE;
				CLANG_CXX_LANGUAGE_STANDARD = "gnu++20";
				CLANG_ENABLE_MODULES = YES;
				CLANG_ENABLE_OBJC_ARC = YES;
				CLANG_ENABLE_OBJC_WEAK = YES;
				CLANG_WARN_BLOCK_CAPTURE_AUTORELEASING = YES;
				CLANG_WARN_BOOL_CONVERSION = YES;
				CLANG_WARN_COMMA = YES;
				CLANG_WARN_CONSTANT_CONVERSION = YES;
				CLANG_WARN_DEPRECATED_OBJC_IMPLEMENTATIONS = YES;
				CLANG_WARN_DIRECT_OBJC_ISA_USAGE = YES_ERROR;
				CLANG_WARN_DOCUMENTATION_COMMENTS = YES;
				CLANG_WARN_EMPTY_BODY = YES;
				CLANG_WARN_ENUM_CONVERSION = YES;
				CLANG_WARN_INFINITE_RECURSION = YES;
				CLANG_WARN_INT_CONVERSION = YES;
				CLANG_WARN_NON_LITERAL_NULL_CONVERSION = YES;
				CLANG_WARN_OBJC_IMPLICIT_RETAIN_SELF = YES;
				CLANG_WARN_OBJC_LITERAL_CONVERSION = YES;
				CLANG_WARN_OBJC_ROOT_CLASS = YES_ERROR;
				CLANG_WARN_QUOTED_INCLUDE_IN_FRAMEWORK_HEADER = YES;
				CLANG_WARN_RANGE_LOOP_ANALYSIS = YES;
				CLANG_WARN_STRICT_PROTOTYPES = YES;
				CLANG_WARN_SUSPICIOUS_MOVE = YES;
				CLANG_WARN_UNGUARDED_AVAILABILITY = YES_AGGRESSIVE;
				CLANG_WARN_UNREACHABLE_CODE = YES;
				CLANG_WARN__DUPLICATE_METHOD_MATCH = YES;
				COPY_PHASE_STRIP = NO;
				DEBUG_INFORMATION_FORMAT = "dwarf-with-dsym";
				ENABLE_NS_ASSERTIONS = NO;
				ENABLE_STRICT_OBJC_MSGSEND = YES;
				GCC_C_LANGUAGE_STANDARD = gnu11;
				GCC_NO_COMMON_BLOCKS = YES;
				GCC_WARN_64_TO_32_BIT_CONVERSION = YES;
				GCC_WARN_ABOUT_RETURN_TYPE = YES_ERROR;
				GCC_WARN_UNDECLARED_SELECTOR = YES;
				GCC_WARN_UNINITIALIZED_AUTOS = YES_AGGRESSIVE;
				GCC_WARN_UNUSED_FUNCTION = YES;
				GCC_WARN_UNUSED_VARIABLE = YES;
				IPHONEOS_DEPLOYMENT_TARGET = 16.2;
				MTL_ENABLE_DEBUG_INFO = NO;
				MTL_FAST_MATH = YES;
				SDKROOT = iphoneos;
				SWIFT_COMPILATION_MODE = wholemodule;
				SWIFT_OPTIMIZATION_LEVEL = "-O";
				VALIDATE_PRODUCT = YES;
			};
			name = Release;
		};
		0019747C29C359DD00BE459E /* Debug */ = {
			isa = XCBuildConfiguration;
			buildSettings = {
				ASSETCATALOG_COMPILER_APPICON_NAME = AppIcon;
				ASSETCATALOG_COMPILER_GLOBAL_ACCENT_COLOR_NAME = AccentColor;
				CODE_SIGN_STYLE = Automatic;
				CURRENT_PROJECT_VERSION = 1;
				DEVELOPMENT_TEAM = 3LH6JM85YM;
				GENERATE_INFOPLIST_FILE = YES;
				INFOPLIST_FILE = TetaLabTest/Info.plist;
				INFOPLIST_KEY_UIApplicationSupportsIndirectInputEvents = YES;
				INFOPLIST_KEY_UILaunchStoryboardName = LaunchScreen;
				INFOPLIST_KEY_UIMainStoryboardFile = "";
				INFOPLIST_KEY_UISupportedInterfaceOrientations = UIInterfaceOrientationPortrait;
				IPHONEOS_DEPLOYMENT_TARGET = 15.0;
				LD_RUNPATH_SEARCH_PATHS = (
					"$(inherited)",
					"@executable_path/Frameworks",
				);
				MARKETING_VERSION = 1.0;
				PRODUCT_BUNDLE_IDENTIFIER = com.VladyslavSavonik.TetaLabTest;
				PRODUCT_NAME = "$(TARGET_NAME)";
				SUPPORTED_PLATFORMS = "iphoneos iphonesimulator";
				SUPPORTS_MACCATALYST = NO;
				SUPPORTS_MAC_DESIGNED_FOR_IPHONE_IPAD = YES;
				SWIFT_EMIT_LOC_STRINGS = YES;
				SWIFT_VERSION = 5.0;
				TARGETED_DEVICE_FAMILY = 1;
			};
			name = Debug;
		};
		0019747D29C359DD00BE459E /* Release */ = {
			isa = XCBuildConfiguration;
			buildSettings = {
				ASSETCATALOG_COMPILER_APPICON_NAME = AppIcon;
				ASSETCATALOG_COMPILER_GLOBAL_ACCENT_COLOR_NAME = AccentColor;
				CODE_SIGN_STYLE = Automatic;
				CURRENT_PROJECT_VERSION = 1;
				DEVELOPMENT_TEAM = 3LH6JM85YM;
				GENERATE_INFOPLIST_FILE = YES;
				INFOPLIST_FILE = TetaLabTest/Info.plist;
				INFOPLIST_KEY_UIApplicationSupportsIndirectInputEvents = YES;
				INFOPLIST_KEY_UILaunchStoryboardName = LaunchScreen;
				INFOPLIST_KEY_UIMainStoryboardFile = "";
				INFOPLIST_KEY_UISupportedInterfaceOrientations = UIInterfaceOrientationPortrait;
				IPHONEOS_DEPLOYMENT_TARGET = 15.0;
				LD_RUNPATH_SEARCH_PATHS = (
					"$(inherited)",
					"@executable_path/Frameworks",
				);
				MARKETING_VERSION = 1.0;
				PRODUCT_BUNDLE_IDENTIFIER = com.VladyslavSavonik.TetaLabTest;
				PRODUCT_NAME = "$(TARGET_NAME)";
				SUPPORTED_PLATFORMS = "iphoneos iphonesimulator";
				SUPPORTS_MACCATALYST = NO;
				SUPPORTS_MAC_DESIGNED_FOR_IPHONE_IPAD = YES;
				SWIFT_EMIT_LOC_STRINGS = YES;
				SWIFT_VERSION = 5.0;
				TARGETED_DEVICE_FAMILY = 1;
			};
			name = Release;
		};
/* End XCBuildConfiguration section */

/* Begin XCConfigurationList section */
		0019745F29C359DA00BE459E /* Build configuration list for PBXProject "TetaLabTest" */ = {
			isa = XCConfigurationList;
			buildConfigurations = (
				0019747929C359DD00BE459E /* Debug */,
				0019747A29C359DD00BE459E /* Release */,
			);
			defaultConfigurationIsVisible = 0;
			defaultConfigurationName = Release;
		};
		0019747B29C359DD00BE459E /* Build configuration list for PBXNativeTarget "TetaLabTest" */ = {
			isa = XCConfigurationList;
			buildConfigurations = (
				0019747C29C359DD00BE459E /* Debug */,
				0019747D29C359DD00BE459E /* Release */,
			);
			defaultConfigurationIsVisible = 0;
			defaultConfigurationName = Release;
		};
/* End XCConfigurationList section */

/* Begin XCRemoteSwiftPackageReference section */
		00AAA74329C55B5900A376D2 /* XCRemoteSwiftPackageReference "SnapKit" */ = {
			isa = XCRemoteSwiftPackageReference;
			repositoryURL = "https://github.com/SnapKit/SnapKit.git";
			requirement = {
				kind = upToNextMajorVersion;
				minimumVersion = 5.0.0;
			};
		};
/* End XCRemoteSwiftPackageReference section */

/* Begin XCSwiftPackageProductDependency section */
		00AAA74429C55B5900A376D2 /* SnapKit */ = {
			isa = XCSwiftPackageProductDependency;
			package = 00AAA74329C55B5900A376D2 /* XCRemoteSwiftPackageReference "SnapKit" */;
			productName = SnapKit;
		};
/* End XCSwiftPackageProductDependency section */

/* Begin XCVersionGroup section */
		0019747029C359DA00BE459E /* TetaLabTest.xcdatamodeld */ = {
			isa = XCVersionGroup;
			children = (
				0019747129C359DA00BE459E /* TetaLabTest.xcdatamodel */,
			);
			currentVersion = 0019747129C359DA00BE459E /* TetaLabTest.xcdatamodel */;
			path = TetaLabTest.xcdatamodeld;
			sourceTree = "<group>";
			versionGroupType = wrapper.xcdatamodel;
		};
/* End XCVersionGroup section */
	};
	rootObject = 0019745C29C359DA00BE459E /* Project object */;
}
